
Microsoft Visual Studio Solution File, Format Version 12.00
# Visual Studio Version 16
VisualStudioVersion = 16.0.28922.388
MinimumVisualStudioVersion = 10.0.40219.1
Project("{888888A0-9F3D-457C-B088-3A5042F75D52}") = "WebPythonFlask", "WebPythonFlask\WebPythonFlask.pyproj", "{F83F95BB-82FC-4FA7-B565-0148BA66983E}"
EndProject
Global
	GlobalSection(SolutionConfigurationPlatforms) = preSolution
		Debug|Any CPU = Debug|Any CPU
		Release|Any CPU = Release|Any CPU
	EndGlobalSection
	GlobalSection(ProjectConfigurationPlatforms) = postSolution
		{F83F95BB-82FC-4FA7-B565-0148BA66983E}.Debug|Any CPU.ActiveCfg = Debug|Any CPU
		{F83F95BB-82FC-4FA7-B565-0148BA66983E}.Debug|Any CPU.Build.0 = Debug|Any CPU
		{F83F95BB-82FC-4FA7-B565-0148BA66983E}.Release|Any CPU.ActiveCfg = Release|Any CPU
		{F83F95BB-82FC-4FA7-B565-0148BA66983E}.Release|Any CPU.Build.0 = Release|Any CPU
	EndGlobalSection
	GlobalSection(SolutionProperties) = preSolution
		HideSolutionNode = FALSE
	EndGlobalSection
	GlobalSection(ExtensibilityGlobals) = postSolution
		SolutionGuid = {C011F0B9-D4CD-40FF-8EC5-FC4C0B3BEE1F}
	EndGlobalSection
EndGlobal
